
Microsoft Visual Studio Solution File, Format Version 12.00
# Visual Studio Express 2012 for Web
Project("{FAE04EC0-301F-11D3-BF4B-00C04F79EFBC}") = "TestApiWithSubdomains", "TestApiWithSubdomains\TestApiWithSubdomains.csproj", "{042D339D-2E4D-424B-A9ED-105A324B5789}"
EndProject
Global
	GlobalSection(SolutionConfigurationPlatforms) = preSolution
		Debug|Any CPU = Debug|Any CPU
		Release|Any CPU = Release|Any CPU
	EndGlobalSection
	GlobalSection(ProjectConfigurationPlatforms) = postSolution
		{042D339D-2E4D-424B-A9ED-105A324B5789}.Debug|Any CPU.ActiveCfg = Debug|Any CPU
		{042D339D-2E4D-424B-A9ED-105A324B5789}.Debug|Any CPU.Build.0 = Debug|Any CPU
		{042D339D-2E4D-424B-A9ED-105A324B5789}.Release|Any CPU.ActiveCfg = Release|Any CPU
		{042D339D-2E4D-424B-A9ED-105A324B5789}.Release|Any CPU.Build.0 = Release|Any CPU
	EndGlobalSection
	GlobalSection(SolutionProperties) = preSolution
		HideSolutionNode = FALSE
	EndGlobalSection
EndGlobal
